
Microsoft Visual Studio Solution File, Format Version 12.00
# Visual Studio Version 16
VisualStudioVersion = 25.0.1706.12
MinimumVisualStudioVersion = 10.0.40219.1
Project("{FAE04EC0-301F-11D3-BF4B-00C04F79EFBC}") = "Entities", "Entities\Entities.csproj", "{7675AC1F-ADE4-42CE-BB39-3D9EFA4C69FF}"
EndProject
Project("{FAE04EC0-301F-11D3-BF4B-00C04F79EFBC}") = "DataAccess", "DataAccess\DataAccess.csproj", "{49D9BAFD-8EBA-4421-BD99-A224992C40B4}"
EndProject
Project("{FAE04EC0-301F-11D3-BF4B-00C04F79EFBC}") = "Business", "Business\Business.csproj", "{0FBE4907-45BD-4700-8DF3-8B64F0A5D87E}"
EndProject
Project("{FAE04EC0-301F-11D3-BF4B-00C04F79EFBC}") = "Console", "Console\Console.csproj", "{12AB196F-F15A-405B-8057-454200E0AE3C}"
EndProject
Project("{FAE04EC0-301F-11D3-BF4B-00C04F79EFBC}") = "Core", "Core\Core.csproj", "{90F139E7-3335-4EF6-9AD9-3F72268D4F29}"
EndProject
Project("{FAE04EC0-301F-11D3-BF4B-00C04F79EFBC}") = "WebAPI", "WebAPI\WebAPI.csproj", "{939F8AB7-1374-497F-AD15-38EB40D3DC5E}"
EndProject
Global
	GlobalSection(SolutionConfigurationPlatforms) = preSolution
		Debug|Any CPU = Debug|Any CPU
		Release|Any CPU = Release|Any CPU
	EndGlobalSection
	GlobalSection(ProjectConfigurationPlatforms) = postSolution
		{7675AC1F-ADE4-42CE-BB39-3D9EFA4C69FF}.Debug|Any CPU.ActiveCfg = Debug|Any CPU
		{7675AC1F-ADE4-42CE-BB39-3D9EFA4C69FF}.Debug|Any CPU.Build.0 = Debug|Any CPU
		{7675AC1F-ADE4-42CE-BB39-3D9EFA4C69FF}.Release|Any CPU.ActiveCfg = Release|Any CPU
		{7675AC1F-ADE4-42CE-BB39-3D9EFA4C69FF}.Release|Any CPU.Build.0 = Release|Any CPU
		{49D9BAFD-8EBA-4421-BD99-A224992C40B4}.Debug|Any CPU.ActiveCfg = Debug|Any CPU
		{49D9BAFD-8EBA-4421-BD99-A224992C40B4}.Debug|Any CPU.Build.0 = Debug|Any CPU
		{49D9BAFD-8EBA-4421-BD99-A224992C40B4}.Release|Any CPU.ActiveCfg = Release|Any CPU
		{49D9BAFD-8EBA-4421-BD99-A224992C40B4}.Release|Any CPU.Build.0 = Release|Any CPU
		{0FBE4907-45BD-4700-8DF3-8B64F0A5D87E}.Debug|Any CPU.ActiveCfg = Debug|Any CPU
		{0FBE4907-45BD-4700-8DF3-8B64F0A5D87E}.Debug|Any CPU.Build.0 = Debug|Any CPU
		{0FBE4907-45BD-4700-8DF3-8B64F0A5D87E}.Release|Any CPU.ActiveCfg = Release|Any CPU
		{0FBE4907-45BD-4700-8DF3-8B64F0A5D87E}.Release|Any CPU.Build.0 = Release|Any CPU
		{12AB196F-F15A-405B-8057-454200E0AE3C}.Debug|Any CPU.ActiveCfg = Debug|Any CPU
		{12AB196F-F15A-405B-8057-454200E0AE3C}.Debug|Any CPU.Build.0 = Debug|Any CPU
		{12AB196F-F15A-405B-8057-454200E0AE3C}.Release|Any CPU.ActiveCfg = Release|Any CPU
		{12AB196F-F15A-405B-8057-454200E0AE3C}.Release|Any CPU.Build.0 = Release|Any CPU
		{90F139E7-3335-4EF6-9AD9-3F72268D4F29}.Debug|Any CPU.ActiveCfg = Debug|Any CPU
		{90F139E7-3335-4EF6-9AD9-3F72268D4F29}.Debug|Any CPU.Build.0 = Debug|Any CPU
		{90F139E7-3335-4EF6-9AD9-3F72268D4F29}.Release|Any CPU.ActiveCfg = Release|Any CPU
		{90F139E7-3335-4EF6-9AD9-3F72268D4F29}.Release|Any CPU.Build.0 = Release|Any CPU
		{939F8AB7-1374-497F-AD15-38EB40D3DC5E}.Debug|Any CPU.ActiveCfg = Debug|Any CPU
		{939F8AB7-1374-497F-AD15-38EB40D3DC5E}.Debug|Any CPU.Build.0 = Debug|Any CPU
		{939F8AB7-1374-497F-AD15-38EB40D3DC5E}.Release|Any CPU.ActiveCfg = Release|Any CPU
		{939F8AB7-1374-497F-AD15-38EB40D3DC5E}.Release|Any CPU.Build.0 = Release|Any CPU
	EndGlobalSection
	GlobalSection(SolutionProperties) = preSolution
		HideSolutionNode = FALSE
	EndGlobalSection
	GlobalSection(ExtensibilityGlobals) = postSolution
		SolutionGuid = {057ABF44-784B-4CA8-AE43-52F39B56D16F}
	EndGlobalSection
EndGlobal
